
Microsoft Visual Studio Solution File, Format Version 12.00
# Visual Studio 15
VisualStudioVersion = 15.0.28307.1169
MinimumVisualStudioVersion = 10.0.40219.1
Project("{888888A0-9F3D-457C-B088-3A5042F75D52}") = "UrlCollection", "PythonApplication1\UrlCollection.pyproj", "{EBFE0AE3-39A6-4307-881B-93D1C4EC6F3A}"
EndProject
Project("{2150E333-8FDC-42A3-9474-1A3956D46DE8}") = "Phase 1", "Phase 1", "{942EE972-BD2B-41A9-83BB-449165F8EC76}"
EndProject
Global
	GlobalSection(SolutionConfigurationPlatforms) = preSolution
		Debug|Any CPU = Debug|Any CPU
		Release|Any CPU = Release|Any CPU
	EndGlobalSection
	GlobalSection(ProjectConfigurationPlatforms) = postSolution
		{EBFE0AE3-39A6-4307-881B-93D1C4EC6F3A}.Debug|Any CPU.ActiveCfg = Debug|Any CPU
		{EBFE0AE3-39A6-4307-881B-93D1C4EC6F3A}.Release|Any CPU.ActiveCfg = Release|Any CPU
	EndGlobalSection
	GlobalSection(SolutionProperties) = preSolution
		HideSolutionNode = FALSE
	EndGlobalSection
	GlobalSection(NestedProjects) = preSolution
		{EBFE0AE3-39A6-4307-881B-93D1C4EC6F3A} = {942EE972-BD2B-41A9-83BB-449165F8EC76}
	EndGlobalSection
	GlobalSection(ExtensibilityGlobals) = postSolution
		SolutionGuid = {468A63DC-C684-46A6-8D5A-D97ED3207B19}
	EndGlobalSection
EndGlobal
